
Microsoft Visual Studio Solution File, Format Version 12.00
# Visual Studio Version 17
VisualStudioVersion = 17.14.36414.22 d17.14
MinimumVisualStudioVersion = 10.0.40219.1
Project("{FAE04EC0-301F-11D3-BF4B-00C04F79EFBC}") = "TI_Net2025_HeroesVsMonster", "TI_Net2025_HeroesVsMonster\TI_Net2025_HeroesVsMonster.csproj", "{75A54953-56DC-41AF-839C-6CB880A7F938}"
EndProject
Global
	GlobalSection(SolutionConfigurationPlatforms) = preSolution
		Debug|Any CPU = Debug|Any CPU
		Release|Any CPU = Release|Any CPU
	EndGlobalSection
	GlobalSection(ProjectConfigurationPlatforms) = postSolution
		{75A54953-56DC-41AF-839C-6CB880A7F938}.Debug|Any CPU.ActiveCfg = Debug|Any CPU
		{75A54953-56DC-41AF-839C-6CB880A7F938}.Debug|Any CPU.Build.0 = Debug|Any CPU
		{75A54953-56DC-41AF-839C-6CB880A7F938}.Release|Any CPU.ActiveCfg = Release|Any CPU
		{75A54953-56DC-41AF-839C-6CB880A7F938}.Release|Any CPU.Build.0 = Release|Any CPU
	EndGlobalSection
	GlobalSection(SolutionProperties) = preSolution
		HideSolutionNode = FALSE
	EndGlobalSection
	GlobalSection(ExtensibilityGlobals) = postSolution
		SolutionGuid = {818D2ABB-B300-4DC1-B888-011EFC3784C3}
	EndGlobalSection
EndGlobal
